<?xml version="1.0" encoding="utf-8"?>
<Project ToolsVersion="4.0" xmlns="http://schemas.microsoft.com/developer/msbuild/2003">
  <ItemGroup>
    <Filter Include="Source Files">
      <UniqueIdentifier>{4FC737F1-C7A5-4376-A066-2A32D752A2FF}</UniqueIdentifier>
      <Extensions>cpp;c;cc;cxx;def;odl;idl;hpj;bat;asm;asmx</Extensions>
    </Filter>
    <Filter Include="Header Files">
      <UniqueIdentifier>{93995380-89BD-4b04-88EB-625FBE52EBFB}</UniqueIdentifier>
      <Extensions>h;hpp;hxx;hm;inl;inc;xsd</Extensions>
    </Filter>
    <Filter Include="Resource Files">
      <UniqueIdentifier>{67DA6AB6-F800-4c08-8B7A-83BB121AAD01}</UniqueIdentifier>
      <Extensions>rc;ico;cur;bmp;dlg;rc2;rct;bin;rgs;gif;jpg;jpeg;jpe;resx;tiff;tif;png;wav;mfcribbon-ms</Extensions>
    </Filter>
    <Filter Include="Header Files\PB Handlers">
      <UniqueIdentifier>{f807332e-605e-47ba-a260-313fa7c56b7f}</UniqueIdentifier>
    </Filter>
    <Filter Include="Build Files">
      <UniqueIdentifier>{5b483e9c-0595-4870-a4a6-98f3b27732b1}</UniqueIdentifier>
    </Filter>
    <Filter Include="Source Files\PB Handlers">
      <UniqueIdentifier>{2fbf50d6-10dd-4ded-9c3a-017f800aa7bd}</UniqueIdentifier>
    </Filter>
  </ItemGroup>
  <ItemGroup>
    <None Include="src\SConscript">
      <Filter>Build Files</Filter>
    </None>
    <None Include="..\Readme.txt" />
    <None Include="..\SConstruct">
      <Filter>Build Files</Filter>
    </None>
  </ItemGroup>
  <ItemGroup>
    <ClInclude Include="src\include\AdminCommandHandler.h">
      <Filter>Header Files</Filter>
    </ClInclude>
    <ClInclude Include="src\include\AdminCommandManager.h">
      <Filter>Header Files</Filter>
    </ClInclude>
    <ClInclude Include="src\include\AuthManager.h">
      <Filter>Header Files</Filter>
    </ClInclude>
    <ClInclude Include="src\include\BasePBResponse.h">
      <Filter>Header Files</Filter>
    </ClInclude>
    <ClInclude Include="src\include\BinaryDataRequest.h">
      <Filter>Header Files</Filter>
    </ClInclude>
    <ClInclude Include="src\include\BinaryDataResponse.h">
      <Filter>Header Files</Filter>
    </ClInclude>
    <ClInclude Include="src\include\BinaryIncomingData.h">
      <Filter>Header Files</Filter>
    </ClInclude>
    <ClInclude Include="src\include\BinaryIncomingResponse.h">
      <Filter>Header Files</Filter>
    </ClInclude>
    <ClInclude Include="src\include\BroadcastListener.h">
      <Filter>Header Files</Filter>
    </ClInclude>
    <ClInclude Include="src\include\BroadcastThread.h">
      <Filter>Header Files</Filter>
    </ClInclude>
    <ClInclude Include="src\include\common.h">
      <Filter>Header Files</Filter>
    </ClInclude>
    <ClInclude Include="src\include\FileSendData.h">
      <Filter>Header Files</Filter>
    </ClInclude>
    <ClInclude Include="src\include\Folder.h">
      <Filter>Header Files</Filter>
    </ClInclude>
    <ClInclude Include="src\include\FolderMan.h">
      <Filter>Header Files</Filter>
    </ClInclude>
    <ClInclude Include="src\include\PBRequestHandler.h">
      <Filter>Header Files</Filter>
    </ClInclude>
    <ClInclude Include="src\include\PBResponseSendHandler.h">
      <Filter>Header Files</Filter>
    </ClInclude>
    <ClInclude Include="src\include\ServerComms.h">
      <Filter>Header Files</Filter>
    </ClInclude>
    <ClInclude Include="src\include\SyncroDB.h">
      <Filter>Header Files</Filter>
    </ClInclude>
    <ClInclude Include="src\include\SyncroPBResponseFactory.h">
      <Filter>Header Files</Filter>
    </ClInclude>
    <ClInclude Include="src\include\SyncroServer.h">
      <Filter>Header Files</Filter>
    </ClInclude>
    <ClInclude Include="src\include\FileHashHandlers.h">
      <Filter>Header Files\PB Handlers</Filter>
    </ClInclude>
    <ClInclude Include="src\include\FolderContentsHandlers.h">
      <Filter>Header Files\PB Handlers</Filter>
    </ClInclude>
    <ClInclude Include="src\include\VectorPBResponse.h">
      <Filter>Header Files\PB Handlers</Filter>
    </ClInclude>
    <ClInclude Include="src\include\SimplePBResponse.h">
      <Filter>Header Files\PB Handlers</Filter>
    </ClInclude>
    <ClInclude Include="src\include\UserSession.h">
      <Filter>Header Files</Filter>
    </ClInclude>
    <ClInclude Include="src\include\ResponseFunctions.h">
      <Filter>Header Files</Filter>
    </ClInclude>
    <ClInclude Include="src\include\HandshakeHandlers.h">
      <Filter>Header Files\PB Handlers</Filter>
    </ClInclude>
    <ClInclude Include="src\include\FolderListHandlers.h">
      <Filter>Header Files\PB Handlers</Filter>
    </ClInclude>
  </ItemGroup>
  <ItemGroup>
    <ClCompile Include="src\AdminCommandHandler.cpp">
      <Filter>Source Files</Filter>
    </ClCompile>
    <ClCompile Include="src\AdminCommandManager.cpp">
      <Filter>Source Files</Filter>
    </ClCompile>
    <ClCompile Include="src\AuthManager.cpp">
      <Filter>Source Files</Filter>
    </ClCompile>
    <ClCompile Include="src\BinaryDataResponse.cpp">
      <Filter>Source Files</Filter>
    </ClCompile>
    <ClCompile Include="src\BinaryIncomingData.cpp">
      <Filter>Source Files</Filter>
    </ClCompile>
    <ClCompile Include="src\BroadcastListener.cpp">
      <Filter>Source Files</Filter>
    </ClCompile>
    <ClCompile Include="src\BroadcastThread.cpp">
      <Filter>Source Files</Filter>
    </ClCompile>
    <ClCompile Include="src\FileSendData.cpp">
      <Filter>Source Files</Filter>
    </ClCompile>
    <ClCompile Include="src\Folder.cpp">
      <Filter>Source Files</Filter>
    </ClCompile>
    <ClCompile Include="src\FolderMan.cpp">
      <Filter>Source Files</Filter>
    </ClCompile>
    <ClCompile Include="src\main.cpp">
      <Filter>Source Files</Filter>
    </ClCompile>
    <ClCompile Include="src\PBRequestHandler.cpp">
      <Filter>Source Files</Filter>
    </ClCompile>
    <ClCompile Include="src\PBResponseSendHandler.cpp">
      <Filter>Source Files</Filter>
    </ClCompile>
    <ClCompile Include="src\ServerComms.cpp">
      <Filter>Source Files</Filter>
    </ClCompile>
    <ClCompile Include="src\SyncroDB.cpp">
      <Filter>Source Files</Filter>
    </ClCompile>
    <ClCompile Include="src\SyncroPBResponseFactory.cpp">
      <Filter>Source Files</Filter>
    </ClCompile>
    <ClCompile Include="src\SyncroServer.cpp">
      <Filter>Source Files</Filter>
    </ClCompile>
    <ClCompile Include="src\FileHashHandlers.cpp">
      <Filter>Source Files\PB Handlers</Filter>
    </ClCompile>
    <ClCompile Include="src\FolderContentsHandlers.cpp">
      <Filter>Source Files\PB Handlers</Filter>
    </ClCompile>
    <ClCompile Include="src\VectorPBResponse.cpp">
      <Filter>Source Files\PB Handlers</Filter>
    </ClCompile>
    <ClCompile Include="src\UserSession.cpp">
      <Filter>Source Files</Filter>
    </ClCompile>
    <ClCompile Include="src\FolderListHandlers.cpp">
      <Filter>Source Files\PB Handlers</Filter>
    </ClCompile>
    <ClCompile Include="src\HandshakeHandlers.cpp">
      <Filter>Source Files\PB Handlers</Filter>
    </ClCompile>
  </ItemGroup>
</Project>