<?xml version="1.0" encoding="utf-8"?>
<Project ToolsVersion="4.0" xmlns="http://schemas.microsoft.com/developer/msbuild/2003">
  <ItemGroup>
    <Filter Include="Source Files">
      <UniqueIdentifier>{4FC737F1-C7A5-4376-A066-2A32D752A2FF}</UniqueIdentifier>
      <Extensions>cpp;c;cc;cxx;def;odl;idl;hpj;bat;asm;asmx</Extensions>
    </Filter>
    <Filter Include="Header Files">
      <UniqueIdentifier>{93995380-89BD-4b04-88EB-625FBE52EBFB}</UniqueIdentifier>
      <Extensions>h;hpp;hxx;hm;inl;inc;xsd</Extensions>
    </Filter>
    <Filter Include="Resource Files">
      <UniqueIdentifier>{67DA6AB6-F800-4c08-8B7A-83BB121AAD01}</UniqueIdentifier>
      <Extensions>rc;ico;cur;bmp;dlg;rc2;rct;bin;rgs;gif;jpg;jpeg;jpe;resx;tiff;tif;png;wav;mfcribbon-ms</Extensions>
    </Filter>
    <Filter Include="Header Files\Protocol Buffers">
      <UniqueIdentifier>{6e16e8bc-4460-4f10-b983-3dad827a636a}</UniqueIdentifier>
    </Filter>
    <Filter Include="Source Files\Protocol Buffers">
      <UniqueIdentifier>{f80f3e65-efbd-471c-ae07-7a2a7fa4fd3b}</UniqueIdentifier>
    </Filter>
    <Filter Include="Message Files">
      <UniqueIdentifier>{16774950-0089-4583-a193-aa6075182812}</UniqueIdentifier>
    </Filter>
  </ItemGroup>
  <ItemGroup>
    <ClInclude Include="SyncroServer.h">
      <Filter>Header Files</Filter>
    </ClInclude>
    <ClInclude Include="FolderMan.h">
      <Filter>Header Files</Filter>
    </ClInclude>
    <ClInclude Include="utils.h">
      <Filter>Header Files</Filter>
    </ClInclude>
    <ClInclude Include="Folder.h">
      <Filter>Header Files</Filter>
    </ClInclude>
    <ClInclude Include="BroadcastListener.h">
      <Filter>Header Files</Filter>
    </ClInclude>
    <ClInclude Include="BroadcastThread.h">
      <Filter>Header Files</Filter>
    </ClInclude>
    <ClInclude Include="ServerComms.h">
      <Filter>Header Files</Filter>
    </ClInclude>
    <ClInclude Include="HandshakeHandlers.h">
      <Filter>Header Files</Filter>
    </ClInclude>
    <ClInclude Include="XMLHandlers.h">
      <Filter>Header Files</Filter>
    </ClInclude>
    <ClInclude Include="common.h">
      <Filter>Header Files</Filter>
    </ClInclude>
    <ClInclude Include="XMLBuilder.h">
      <Filter>Header Files</Filter>
    </ClInclude>
    <ClInclude Include="Database.h">
      <Filter>Header Files</Filter>
    </ClInclude>
    <ClInclude Include="FileSendData.h">
      <Filter>Header Files</Filter>
    </ClInclude>
    <ClInclude Include="protocol_buffers\binarydata.pb.h">
      <Filter>Header Files\Protocol Buffers</Filter>
    </ClInclude>
    <ClInclude Include="protocol_buffers\header.pb.h">
      <Filter>Header Files\Protocol Buffers</Filter>
    </ClInclude>
    <ClInclude Include="PBRequestHandler.h">
      <Filter>Header Files</Filter>
    </ClInclude>
    <ClInclude Include="PBResponseSendHandler.h">
      <Filter>Header Files</Filter>
    </ClInclude>
    <ClInclude Include="BasePBResponse.h">
      <Filter>Header Files</Filter>
    </ClInclude>
    <ClInclude Include="VectorPBResponse.h">
      <Filter>Header Files</Filter>
    </ClInclude>
    <ClInclude Include="SyncroPBResponseFactory.h">
      <Filter>Header Files</Filter>
    </ClInclude>
    <ClInclude Include="BinaryDataResponse.h">
      <Filter>Header Files</Filter>
    </ClInclude>
    <ClInclude Include="BinaryDataRequest.h">
      <Filter>Header Files</Filter>
    </ClInclude>
    <ClInclude Include="SyncroDB.h">
      <Filter>Header Files</Filter>
    </ClInclude>
  </ItemGroup>
  <ItemGroup>
    <ClCompile Include="SyncroServer.cpp">
      <Filter>Source Files</Filter>
    </ClCompile>
    <ClCompile Include="main.cpp">
      <Filter>Source Files</Filter>
    </ClCompile>
    <ClCompile Include="FolderMan.cpp">
      <Filter>Source Files</Filter>
    </ClCompile>
    <ClCompile Include="Folder.cpp">
      <Filter>Source Files</Filter>
    </ClCompile>
    <ClCompile Include="BroadcastListener.cpp">
      <Filter>Source Files</Filter>
    </ClCompile>
    <ClCompile Include="BroadcastThread.cpp">
      <Filter>Source Files</Filter>
    </ClCompile>
    <ClCompile Include="ServerComms.cpp">
      <Filter>Source Files</Filter>
    </ClCompile>
    <ClCompile Include="HandshakeHandlers.cpp">
      <Filter>Source Files</Filter>
    </ClCompile>
    <ClCompile Include="XMLHandlers.cpp">
      <Filter>Source Files</Filter>
    </ClCompile>
    <ClCompile Include="XMLBuilder.cpp">
      <Filter>Source Files</Filter>
    </ClCompile>
    <ClCompile Include="Database.cpp">
      <Filter>Source Files</Filter>
    </ClCompile>
    <ClCompile Include="FileSendData.cpp">
      <Filter>Source Files</Filter>
    </ClCompile>
    <ClCompile Include="protocol_buffers\binarydata.pb.cc">
      <Filter>Source Files\Protocol Buffers</Filter>
    </ClCompile>
    <ClCompile Include="protocol_buffers\header.pb.cc">
      <Filter>Source Files\Protocol Buffers</Filter>
    </ClCompile>
    <ClCompile Include="PBRequestHandler.cpp">
      <Filter>Source Files</Filter>
    </ClCompile>
    <ClCompile Include="PBResponseSendHandler.cpp">
      <Filter>Source Files</Filter>
    </ClCompile>
    <ClCompile Include="SyncroPBResponseFactory.cpp">
      <Filter>Source Files</Filter>
    </ClCompile>
    <ClCompile Include="BinaryDataResponse.cpp">
      <Filter>Source Files</Filter>
    </ClCompile>
    <ClCompile Include="SyncroDB.cpp">
      <Filter>Source Files</Filter>
    </ClCompile>
  </ItemGroup>
  <ItemGroup>
    <None Include="..\..\Messages\binarydata.proto">
      <Filter>Message Files</Filter>
    </None>
    <None Include="..\..\Messages\header.proto">
      <Filter>Message Files</Filter>
    </None>
  </ItemGroup>
</Project>