<?xml version="1.0" encoding="utf-8"?>
<Project ToolsVersion="4.0" xmlns="http://schemas.microsoft.com/developer/msbuild/2003">
  <ItemGroup>
    <Filter Include="Source Files">
      <UniqueIdentifier>{4FC737F1-C7A5-4376-A066-2A32D752A2FF}</UniqueIdentifier>
      <Extensions>cpp;c;cc;cxx;def;odl;idl;hpj;bat;asm;asmx</Extensions>
    </Filter>
    <Filter Include="Header Files">
      <UniqueIdentifier>{93995380-89BD-4b04-88EB-625FBE52EBFB}</UniqueIdentifier>
      <Extensions>h;hpp;hxx;hm;inl;inc;xsd</Extensions>
    </Filter>
    <Filter Include="Resource Files">
      <UniqueIdentifier>{67DA6AB6-F800-4c08-8B7A-83BB121AAD01}</UniqueIdentifier>
      <Extensions>rc;ico;cur;bmp;dlg;rc2;rct;bin;rgs;gif;jpg;jpeg;jpe;resx;tiff;tif;png;wav;mfcribbon-ms</Extensions>
    </Filter>
    <Filter Include="Header Files\Protocol Buffers">
      <UniqueIdentifier>{695743c6-20be-4150-b31f-7ba7e63c8f96}</UniqueIdentifier>
    </Filter>
    <Filter Include="Source Files\Protocol Buffers">
      <UniqueIdentifier>{0af10237-09fc-4177-a7bf-639b1a6f9669}</UniqueIdentifier>
    </Filter>
  </ItemGroup>
  <ItemGroup>
    <ClCompile Include="src\connection.cpp">
      <Filter>Source Files</Filter>
    </ClCompile>
    <ClCompile Include="src\protocol_buffers\admin.pb.cc">
      <Filter>Source Files\Protocol Buffers</Filter>
    </ClCompile>
    <ClCompile Include="src\protocol_buffers\binarydata.pb.cc">
      <Filter>Source Files\Protocol Buffers</Filter>
    </ClCompile>
    <ClCompile Include="src\protocol_buffers\handshake.pb.cc">
      <Filter>Source Files\Protocol Buffers</Filter>
    </ClCompile>
    <ClCompile Include="src\protocol_buffers\header.pb.cc">
      <Filter>Source Files\Protocol Buffers</Filter>
    </ClCompile>
    <ClCompile Include="src\protocol_buffers\folders.pb.cc">
      <Filter>Source Files\Protocol Buffers</Filter>
    </ClCompile>
  </ItemGroup>
  <ItemGroup>
    <ClInclude Include="include\libsyncro\connection.h">
      <Filter>Header Files</Filter>
    </ClInclude>
    <ClInclude Include="include\libsyncro\protocol_buffers\admin.pb.h">
      <Filter>Header Files\Protocol Buffers</Filter>
    </ClInclude>
    <ClInclude Include="include\libsyncro\protocol_buffers\binarydata.pb.h">
      <Filter>Header Files\Protocol Buffers</Filter>
    </ClInclude>
    <ClInclude Include="include\libsyncro\protocol_buffers\handshake.pb.h">
      <Filter>Header Files\Protocol Buffers</Filter>
    </ClInclude>
    <ClInclude Include="include\libsyncro\protocol_buffers\header.pb.h">
      <Filter>Header Files\Protocol Buffers</Filter>
    </ClInclude>
    <ClInclude Include="include\libsyncro\comms.h">
      <Filter>Header Files</Filter>
    </ClInclude>
    <ClInclude Include="include\libsyncro\packet_types.h">
      <Filter>Header Files</Filter>
    </ClInclude>
    <ClInclude Include="include\libsyncro\protocol_buffers\folders.pb.h">
      <Filter>Header Files\Protocol Buffers</Filter>
    </ClInclude>
    <ClInclude Include="include\libsyncro\folderlist.h">
      <Filter>Header Files</Filter>
    </ClInclude>
  </ItemGroup>
</Project>