<?xml version="1.0" encoding="utf-8"?>
<Project ToolsVersion="4.0" xmlns="http://schemas.microsoft.com/developer/msbuild/2003">
  <ItemGroup>
    <Filter Include="Source Files">
      <UniqueIdentifier>{4FC737F1-C7A5-4376-A066-2A32D752A2FF}</UniqueIdentifier>
      <Extensions>cpp;c;cc;cxx;def;odl;idl;hpj;bat;asm;asmx</Extensions>
    </Filter>
    <Filter Include="Header Files">
      <UniqueIdentifier>{93995380-89BD-4b04-88EB-625FBE52EBFB}</UniqueIdentifier>
      <Extensions>h;hpp;hxx;hm;inl;inc;xsd</Extensions>
    </Filter>
    <Filter Include="Resource Files">
      <UniqueIdentifier>{67DA6AB6-F800-4c08-8B7A-83BB121AAD01}</UniqueIdentifier>
      <Extensions>rc;ico;cur;bmp;dlg;rc2;rct;bin;rgs;gif;jpg;jpeg;jpe;resx;tiff;tif;png;wav;mfcribbon-ms</Extensions>
    </Filter>
    <Filter Include="Build Files">
      <UniqueIdentifier>{258a81ff-8a7f-477d-8240-dd6365444286}</UniqueIdentifier>
    </Filter>
    <Filter Include="Source Files\db">
      <UniqueIdentifier>{b7b1d932-16df-420e-9da3-ca2850b9abf3}</UniqueIdentifier>
    </Filter>
    <Filter Include="Header Files\db">
      <UniqueIdentifier>{34ec6a9e-f2dd-470b-90fa-b16f27f7bcf8}</UniqueIdentifier>
    </Filter>
    <Filter Include="Header Files\db\ops">
      <UniqueIdentifier>{6c97ce94-8ab9-42e3-937b-41e96ea5f02c}</UniqueIdentifier>
    </Filter>
  </ItemGroup>
  <ItemGroup>
    <ClCompile Include="src\tcpconnection.cpp">
      <Filter>Source Files</Filter>
    </ClCompile>
    <ClCompile Include="src\utils.cpp">
      <Filter>Source Files</Filter>
    </ClCompile>
    <ClCompile Include="src\stopwatch.cpp">
      <Filter>Source Files</Filter>
    </ClCompile>
    <ClCompile Include="src\db\statement.cpp">
      <Filter>Source Files\db</Filter>
    </ClCompile>
    <ClCompile Include="src\db\dbutils.cpp">
      <Filter>Source Files\db</Filter>
    </ClCompile>
    <ClCompile Include="src\db\sqlitedatabase.cpp">
      <Filter>Source Files\db</Filter>
    </ClCompile>
  </ItemGroup>
  <ItemGroup>
    <ClInclude Include="include\kode\tcpconnection.h">
      <Filter>Header Files</Filter>
    </ClInclude>
    <ClInclude Include="include\kode\utils.h">
      <Filter>Header Files</Filter>
    </ClInclude>
    <ClInclude Include="include\kode\net.h">
      <Filter>Header Files</Filter>
    </ClInclude>
    <ClInclude Include="include\kode\stopwatch.h">
      <Filter>Header Files</Filter>
    </ClInclude>
    <ClInclude Include="include\kode\base64.h">
      <Filter>Header Files</Filter>
    </ClInclude>
    <ClInclude Include="include\kode\hashutils.h">
      <Filter>Header Files</Filter>
    </ClInclude>
    <ClInclude Include="include\kode\variantresponsefactory.h">
      <Filter>Header Files</Filter>
    </ClInclude>
    <ClInclude Include="include\kode\responsefactory.h">
      <Filter>Header Files</Filter>
    </ClInclude>
    <ClInclude Include="include\kode\db\sqliteexception.h">
      <Filter>Header Files\db</Filter>
    </ClInclude>
    <ClInclude Include="include\kode\db\utils.h">
      <Filter>Header Files\db</Filter>
    </ClInclude>
    <ClInclude Include="include\kode\db\resultset.h">
      <Filter>Header Files\db</Filter>
    </ClInclude>
    <ClInclude Include="include\kode\db\database.h">
      <Filter>Header Files\db</Filter>
    </ClInclude>
    <ClInclude Include="include\kode\db\ops\iteratormanager.h">
      <Filter>Header Files\db\ops</Filter>
    </ClInclude>
    <ClInclude Include="include\kode\db\ops\iterators.h">
      <Filter>Header Files\db\ops</Filter>
    </ClInclude>
    <ClInclude Include="include\kode\db\ops\optraits.h">
      <Filter>Header Files\db\ops</Filter>
    </ClInclude>
    <ClInclude Include="include\kode\db\ops\readops.h">
      <Filter>Header Files\db\ops</Filter>
    </ClInclude>
    <ClInclude Include="include\kode\db\ops\statements.h">
      <Filter>Header Files\db\ops</Filter>
    </ClInclude>
    <ClInclude Include="include\kode\db\ops\writeops.h">
      <Filter>Header Files\db\ops</Filter>
    </ClInclude>
    <ClInclude Include="include\kode\db\sqlitedatabase.h">
      <Filter>Header Files\db</Filter>
    </ClInclude>
    <ClInclude Include="include\kode\db\sqliteops.h">
      <Filter>Header Files\db</Filter>
    </ClInclude>
    <ClInclude Include="include\kode\db\statement.h">
      <Filter>Header Files\db</Filter>
    </ClInclude>
    <ClInclude Include="include\kode\db\ops\basedata.h">
      <Filter>Header Files\db\ops</Filter>
    </ClInclude>
  </ItemGroup>
  <ItemGroup>
    <None Include="SConscript">
      <Filter>Build Files</Filter>
    </None>
  </ItemGroup>
</Project>